
Microsoft Visual Studio Solution File, Format Version 12.00
# Visual Studio Version 17
VisualStudioVersion = 17.11.35327.3
MinimumVisualStudioVersion = 10.0.40219.1
Project("{8BC9CEB8-8B4A-11D0-8D11-00A0C91BC942}") = "EngineBase", "EngineBase\EngineBase.vcxproj", "{6FF89526-E8C8-41F5-9102-A6CABA3E04C9}"
EndProject
Project("{8BC9CEB8-8B4A-11D0-8D11-00A0C91BC942}") = "EnginePlatform", "EnginePlatform\EnginePlatform.vcxproj", "{4EA7C6F1-0A78-4103-B641-96A006855D2C}"
	ProjectSection(ProjectDependencies) = postProject
		{6FF89526-E8C8-41F5-9102-A6CABA3E04C9} = {6FF89526-E8C8-41F5-9102-A6CABA3E04C9}
	EndProjectSection
EndProject
Project("{8BC9CEB8-8B4A-11D0-8D11-00A0C91BC942}") = "EngineCore", "EngineCore\EngineCore.vcxproj", "{EA9AC44C-CD73-475C-BAAA-F80B8F4DC227}"
	ProjectSection(ProjectDependencies) = postProject
		{4EA7C6F1-0A78-4103-B641-96A006855D2C} = {4EA7C6F1-0A78-4103-B641-96A006855D2C}
		{6FF89526-E8C8-41F5-9102-A6CABA3E04C9} = {6FF89526-E8C8-41F5-9102-A6CABA3E04C9}
	EndProjectSection
EndProject
Project("{2150E333-8FDC-42A3-9474-1A3956D46DE8}") = "01. EngineBase", "01. EngineBase", "{CB6D66A9-F48E-49BE-B8BF-822239220D53}"
EndProject
Project("{2150E333-8FDC-42A3-9474-1A3956D46DE8}") = "02. EnginePlatform", "02. EnginePlatform", "{AE1854B3-2EFF-4A66-A8A5-E96E51BECBF5}"
EndProject
Project("{2150E333-8FDC-42A3-9474-1A3956D46DE8}") = "03. Engine", "03. Engine", "{296D5EB6-469D-43C2-8095-C5DCE25C558C}"
EndProject
Project("{2150E333-8FDC-42A3-9474-1A3956D46DE8}") = "04 .Game", "04 .Game", "{4C0DDB88-2EF1-43E0-A594-4475FF120B51}"
EndProject
Project("{2150E333-8FDC-42A3-9474-1A3956D46DE8}") = "05. EntryPoint", "05. EntryPoint", "{BD129B60-34D6-4116-A67E-76BC9A174FDE}"
EndProject
Project("{8BC9CEB8-8B4A-11D0-8D11-00A0C91BC942}") = "EntryPoint", "EntryPoint\EntryPoint.vcxproj", "{DEC7ECF7-C4DC-4D5A-B651-A7BB3E74B212}"
	ProjectSection(ProjectDependencies) = postProject
		{4EA7C6F1-0A78-4103-B641-96A006855D2C} = {4EA7C6F1-0A78-4103-B641-96A006855D2C}
		{6FF89526-E8C8-41F5-9102-A6CABA3E04C9} = {6FF89526-E8C8-41F5-9102-A6CABA3E04C9}
		{EA9AC44C-CD73-475C-BAAA-F80B8F4DC227} = {EA9AC44C-CD73-475C-BAAA-F80B8F4DC227}
	EndProjectSection
EndProject
Project("{8BC9CEB8-8B4A-11D0-8D11-00A0C91BC942}") = "CrazyArcade", "CrazyArcade\CrazyArcade.vcxproj", "{C20A359A-0D4F-4EE7-98D8-7FA862B99F44}"
	ProjectSection(ProjectDependencies) = postProject
		{4EA7C6F1-0A78-4103-B641-96A006855D2C} = {4EA7C6F1-0A78-4103-B641-96A006855D2C}
		{6FF89526-E8C8-41F5-9102-A6CABA3E04C9} = {6FF89526-E8C8-41F5-9102-A6CABA3E04C9}
		{EA9AC44C-CD73-475C-BAAA-F80B8F4DC227} = {EA9AC44C-CD73-475C-BAAA-F80B8F4DC227}
	EndProjectSection
EndProject
Global
	GlobalSection(SolutionConfigurationPlatforms) = preSolution
		Debug|x64 = Debug|x64
		Debug|x86 = Debug|x86
		Release|x64 = Release|x64
		Release|x86 = Release|x86
	EndGlobalSection
	GlobalSection(ProjectConfigurationPlatforms) = postSolution
		{6FF89526-E8C8-41F5-9102-A6CABA3E04C9}.Debug|x64.ActiveCfg = Debug|x64
		{6FF89526-E8C8-41F5-9102-A6CABA3E04C9}.Debug|x64.Build.0 = Debug|x64
		{6FF89526-E8C8-41F5-9102-A6CABA3E04C9}.Debug|x86.ActiveCfg = Debug|Win32
		{6FF89526-E8C8-41F5-9102-A6CABA3E04C9}.Debug|x86.Build.0 = Debug|Win32
		{6FF89526-E8C8-41F5-9102-A6CABA3E04C9}.Release|x64.ActiveCfg = Release|x64
		{6FF89526-E8C8-41F5-9102-A6CABA3E04C9}.Release|x64.Build.0 = Release|x64
		{6FF89526-E8C8-41F5-9102-A6CABA3E04C9}.Release|x86.ActiveCfg = Release|Win32
		{6FF89526-E8C8-41F5-9102-A6CABA3E04C9}.Release|x86.Build.0 = Release|Win32
		{4EA7C6F1-0A78-4103-B641-96A006855D2C}.Debug|x64.ActiveCfg = Debug|x64
		{4EA7C6F1-0A78-4103-B641-96A006855D2C}.Debug|x64.Build.0 = Debug|x64
		{4EA7C6F1-0A78-4103-B641-96A006855D2C}.Debug|x86.ActiveCfg = Debug|Win32
		{4EA7C6F1-0A78-4103-B641-96A006855D2C}.Debug|x86.Build.0 = Debug|Win32
		{4EA7C6F1-0A78-4103-B641-96A006855D2C}.Release|x64.ActiveCfg = Release|x64
		{4EA7C6F1-0A78-4103-B641-96A006855D2C}.Release|x64.Build.0 = Release|x64
		{4EA7C6F1-0A78-4103-B641-96A006855D2C}.Release|x86.ActiveCfg = Release|Win32
		{4EA7C6F1-0A78-4103-B641-96A006855D2C}.Release|x86.Build.0 = Release|Win32
		{EA9AC44C-CD73-475C-BAAA-F80B8F4DC227}.Debug|x64.ActiveCfg = Debug|x64
		{EA9AC44C-CD73-475C-BAAA-F80B8F4DC227}.Debug|x64.Build.0 = Debug|x64
		{EA9AC44C-CD73-475C-BAAA-F80B8F4DC227}.Debug|x86.ActiveCfg = Debug|Win32
		{EA9AC44C-CD73-475C-BAAA-F80B8F4DC227}.Debug|x86.Build.0 = Debug|Win32
		{EA9AC44C-CD73-475C-BAAA-F80B8F4DC227}.Release|x64.ActiveCfg = Release|x64
		{EA9AC44C-CD73-475C-BAAA-F80B8F4DC227}.Release|x64.Build.0 = Release|x64
		{EA9AC44C-CD73-475C-BAAA-F80B8F4DC227}.Release|x86.ActiveCfg = Release|Win32
		{EA9AC44C-CD73-475C-BAAA-F80B8F4DC227}.Release|x86.Build.0 = Release|Win32
		{DEC7ECF7-C4DC-4D5A-B651-A7BB3E74B212}.Debug|x64.ActiveCfg = Debug|x64
		{DEC7ECF7-C4DC-4D5A-B651-A7BB3E74B212}.Debug|x64.Build.0 = Debug|x64
		{DEC7ECF7-C4DC-4D5A-B651-A7BB3E74B212}.Debug|x86.ActiveCfg = Debug|Win32
		{DEC7ECF7-C4DC-4D5A-B651-A7BB3E74B212}.Debug|x86.Build.0 = Debug|Win32
		{DEC7ECF7-C4DC-4D5A-B651-A7BB3E74B212}.Release|x64.ActiveCfg = Release|x64
		{DEC7ECF7-C4DC-4D5A-B651-A7BB3E74B212}.Release|x64.Build.0 = Release|x64
		{DEC7ECF7-C4DC-4D5A-B651-A7BB3E74B212}.Release|x86.ActiveCfg = Release|Win32
		{DEC7ECF7-C4DC-4D5A-B651-A7BB3E74B212}.Release|x86.Build.0 = Release|Win32
		{C20A359A-0D4F-4EE7-98D8-7FA862B99F44}.Debug|x64.ActiveCfg = Debug|x64
		{C20A359A-0D4F-4EE7-98D8-7FA862B99F44}.Debug|x64.Build.0 = Debug|x64
		{C20A359A-0D4F-4EE7-98D8-7FA862B99F44}.Debug|x86.ActiveCfg = Debug|Win32
		{C20A359A-0D4F-4EE7-98D8-7FA862B99F44}.Debug|x86.Build.0 = Debug|Win32
		{C20A359A-0D4F-4EE7-98D8-7FA862B99F44}.Release|x64.ActiveCfg = Release|x64
		{C20A359A-0D4F-4EE7-98D8-7FA862B99F44}.Release|x64.Build.0 = Release|x64
		{C20A359A-0D4F-4EE7-98D8-7FA862B99F44}.Release|x86.ActiveCfg = Release|Win32
		{C20A359A-0D4F-4EE7-98D8-7FA862B99F44}.Release|x86.Build.0 = Release|Win32
	EndGlobalSection
	GlobalSection(SolutionProperties) = preSolution
		HideSolutionNode = FALSE
	EndGlobalSection
	GlobalSection(NestedProjects) = preSolution
		{6FF89526-E8C8-41F5-9102-A6CABA3E04C9} = {CB6D66A9-F48E-49BE-B8BF-822239220D53}
		{4EA7C6F1-0A78-4103-B641-96A006855D2C} = {AE1854B3-2EFF-4A66-A8A5-E96E51BECBF5}
		{EA9AC44C-CD73-475C-BAAA-F80B8F4DC227} = {296D5EB6-469D-43C2-8095-C5DCE25C558C}
		{DEC7ECF7-C4DC-4D5A-B651-A7BB3E74B212} = {BD129B60-34D6-4116-A67E-76BC9A174FDE}
		{C20A359A-0D4F-4EE7-98D8-7FA862B99F44} = {4C0DDB88-2EF1-43E0-A594-4475FF120B51}
	EndGlobalSection
	GlobalSection(ExtensibilityGlobals) = postSolution
		SolutionGuid = {46912677-055F-4BFE-9A2D-F46FFD4F4977}
	EndGlobalSection
EndGlobal
