<?xml version="1.0" encoding="utf-8"?>
<Project ToolsVersion="4.0" xmlns="http://schemas.microsoft.com/developer/msbuild/2003">
  <ItemGroup>
    <ClInclude Include="CrazyArcadeGame.h">
      <Filter>Game</Filter>
    </ClInclude>
    <ClInclude Include="CrazyArcadeEditor.h">
      <Filter>Game</Filter>
    </ClInclude>
    <ClInclude Include="define.h">
      <Filter>pch</Filter>
    </ClInclude>
    <ClInclude Include="stdafx.h">
      <Filter>pch</Filter>
    </ClInclude>
  </ItemGroup>
  <ItemGroup>
    <ClCompile Include="CrazyArcadeGame.cpp">
      <Filter>Game</Filter>
    </ClCompile>
    <ClCompile Include="CrazyArcadeEditor.cpp">
      <Filter>Game</Filter>
    </ClCompile>
    <ClCompile Include="stdafx.cpp">
      <Filter>pch</Filter>
    </ClCompile>
  </ItemGroup>
  <ItemGroup>
    <Filter Include="Game">
      <UniqueIdentifier>{89ce5d4f-4ed8-4b2a-af77-8bd44d59d06d}</UniqueIdentifier>
    </Filter>
    <Filter Include="pch">
      <UniqueIdentifier>{ef7261c3-a981-47ba-9043-9644e385a19c}</UniqueIdentifier>
    </Filter>
  </ItemGroup>
</Project>