<?xml version="1.0" encoding="utf-8"?>
<Project ToolsVersion="4.0" xmlns="http://schemas.microsoft.com/developer/msbuild/2003">
  <ItemGroup>
    <ClInclude Include="stdafx.h">
      <Filter>pch</Filter>
    </ClInclude>
    <ClInclude Include="define.h">
      <Filter>pch</Filter>
    </ClInclude>
    <ClInclude Include="WindowsGameWindow.h">
      <Filter>Windows\GameWindow</Filter>
    </ClInclude>
    <ClInclude Include="GameWindow.h">
      <Filter>Interface</Filter>
    </ClInclude>
  </ItemGroup>
  <ItemGroup>
    <ClCompile Include="stdafx.cpp">
      <Filter>pch</Filter>
    </ClCompile>
    <ClCompile Include="WindowsGameWindow.cpp">
      <Filter>Windows\GameWindow</Filter>
    </ClCompile>
  </ItemGroup>
  <ItemGroup>
    <Filter Include="pch">
      <UniqueIdentifier>{87fbcf70-3c76-402f-9e56-570b4db3adfc}</UniqueIdentifier>
    </Filter>
    <Filter Include="Windows">
      <UniqueIdentifier>{1d1c8606-e737-4873-85af-49e5245a6237}</UniqueIdentifier>
    </Filter>
    <Filter Include="Windows\GameWindow">
      <UniqueIdentifier>{23228a21-687c-4e9d-96bb-4b4409fceeed}</UniqueIdentifier>
    </Filter>
    <Filter Include="Android">
      <UniqueIdentifier>{f273155b-afc7-4035-853e-dc72e0ea52e8}</UniqueIdentifier>
    </Filter>
    <Filter Include="Linux">
      <UniqueIdentifier>{34d64a54-80a2-49df-ada6-c36191bd53e8}</UniqueIdentifier>
    </Filter>
    <Filter Include="Interface">
      <UniqueIdentifier>{6621116d-459d-498f-9b71-c160bb4910a9}</UniqueIdentifier>
    </Filter>
  </ItemGroup>
</Project>