<?xml version="1.0" encoding="utf-8"?>
<Project ToolsVersion="4.0" xmlns="http://schemas.microsoft.com/developer/msbuild/2003">
  <ItemGroup>
    <ClCompile Include="stdafx.cpp">
      <Filter>pch</Filter>
    </ClCompile>
    <ClCompile Include="Actor.cpp">
      <Filter>Actor</Filter>
    </ClCompile>
    <ClCompile Include="Object.cpp">
      <Filter>Object</Filter>
    </ClCompile>
    <ClCompile Include="Engine.cpp">
      <Filter>Engine</Filter>
    </ClCompile>
    <ClCompile Include="Level.cpp">
      <Filter>Level</Filter>
    </ClCompile>
    <ClCompile Include="Gamemode.cpp">
      <Filter>Gamemode</Filter>
    </ClCompile>
    <ClCompile Include="ActorComponent.cpp">
      <Filter>Component</Filter>
    </ClCompile>
    <ClCompile Include="GameInstance.cpp">
      <Filter>GameInstance</Filter>
    </ClCompile>
  </ItemGroup>
  <ItemGroup>
    <ClInclude Include="stdafx.h">
      <Filter>pch</Filter>
    </ClInclude>
    <ClInclude Include="Actor.h">
      <Filter>Actor</Filter>
    </ClInclude>
    <ClInclude Include="Object.h">
      <Filter>Object</Filter>
    </ClInclude>
    <ClInclude Include="Engine.h">
      <Filter>Engine</Filter>
    </ClInclude>
    <ClInclude Include="Level.h">
      <Filter>Level</Filter>
    </ClInclude>
    <ClInclude Include="define.h">
      <Filter>pch</Filter>
    </ClInclude>
    <ClInclude Include="Gamemode.h">
      <Filter>Gamemode</Filter>
    </ClInclude>
    <ClInclude Include="ActorComponent.h">
      <Filter>Component</Filter>
    </ClInclude>
    <ClInclude Include="GameInstance.h">
      <Filter>GameInstance</Filter>
    </ClInclude>
  </ItemGroup>
  <ItemGroup>
    <Filter Include="pch">
      <UniqueIdentifier>{5d0ba3d0-7da4-4e5f-a43c-c0b2802144a0}</UniqueIdentifier>
    </Filter>
    <Filter Include="Actor">
      <UniqueIdentifier>{f641e3b7-ee19-4fa7-93f8-98c0452cfb89}</UniqueIdentifier>
    </Filter>
    <Filter Include="Engine">
      <UniqueIdentifier>{6fd97881-5057-4b79-977f-2b8d86b08aaa}</UniqueIdentifier>
    </Filter>
    <Filter Include="Object">
      <UniqueIdentifier>{beaa34c3-bfb5-46b1-8b20-346236206207}</UniqueIdentifier>
    </Filter>
    <Filter Include="Level">
      <UniqueIdentifier>{e089449b-bbeb-4831-a65c-7ba98dc3359c}</UniqueIdentifier>
    </Filter>
    <Filter Include="Gamemode">
      <UniqueIdentifier>{22e28c35-f99a-470e-8704-b201c79b18f2}</UniqueIdentifier>
    </Filter>
    <Filter Include="Component">
      <UniqueIdentifier>{5d2fcb7c-779b-4c0c-affa-b963db01ffbc}</UniqueIdentifier>
    </Filter>
    <Filter Include="GameInstance">
      <UniqueIdentifier>{92d1e9a6-2127-4575-904d-f197dc40b6d6}</UniqueIdentifier>
    </Filter>
  </ItemGroup>
</Project>